
Microsoft Visual Studio Solution File, Format Version 12.00
# Visual Studio Version 16
VisualStudioVersion = 16.0.29102.190
MinimumVisualStudioVersion = 10.0.40219.1
Project("{FAE04EC0-301F-11D3-BF4B-00C04F79EFBC}") = "TestWeb", "TestWeb\TestWeb.csproj", "{6F703DFB-9AEE-493F-8A64-A93F41C5DF9F}"
EndProject
Global
	GlobalSection(SolutionConfigurationPlatforms) = preSolution
		Debug|Any CPU = Debug|Any CPU
		Release|Any CPU = Release|Any CPU
	EndGlobalSection
	GlobalSection(ProjectConfigurationPlatforms) = postSolution
		{6F703DFB-9AEE-493F-8A64-A93F41C5DF9F}.Debug|Any CPU.ActiveCfg = Debug|Any CPU
		{6F703DFB-9AEE-493F-8A64-A93F41C5DF9F}.Debug|Any CPU.Build.0 = Debug|Any CPU
		{6F703DFB-9AEE-493F-8A64-A93F41C5DF9F}.Release|Any CPU.ActiveCfg = Release|Any CPU
		{6F703DFB-9AEE-493F-8A64-A93F41C5DF9F}.Release|Any CPU.Build.0 = Release|Any CPU
	EndGlobalSection
	GlobalSection(SolutionProperties) = preSolution
		HideSolutionNode = FALSE
	EndGlobalSection
	GlobalSection(ExtensibilityGlobals) = postSolution
		SolutionGuid = {EEC04844-575D-4F4B-BB96-64012D227EEF}
	EndGlobalSection
EndGlobal
